
Microsoft Visual Studio Solution File, Format Version 12.00
# Visual Studio 15
VisualStudioVersion = 15.0.28010.2046
MinimumVisualStudioVersion = 10.0.40219.1
Project("{FAE04EC0-301F-11D3-BF4B-00C04F79EFBC}") = "BMIBMI.Android", "BMIBMI\BMIBMI.Android\BMIBMI.Android.csproj", "{D776569E-E332-4C87-BC8C-9D4176CA6A42}"
EndProject
Project("{FAE04EC0-301F-11D3-BF4B-00C04F79EFBC}") = "BMIBMI.iOS", "BMIBMI\BMIBMI.iOS\BMIBMI.iOS.csproj", "{2D034A28-C6E4-4D73-AFEA-AA83D6E9B24D}"
EndProject
Project("{FAE04EC0-301F-11D3-BF4B-00C04F79EFBC}") = "BMIBMI", "BMIBMI\BMIBMI\BMIBMI.csproj", "{8AF2626B-46A3-4373-A892-4C318CB50DA1}"
EndProject
Global
	GlobalSection(SolutionConfigurationPlatforms) = preSolution
		Ad-Hoc|Any CPU = Ad-Hoc|Any CPU
		Ad-Hoc|iPhone = Ad-Hoc|iPhone
		Ad-Hoc|iPhoneSimulator = Ad-Hoc|iPhoneSimulator
		AppStore|Any CPU = AppStore|Any CPU
		AppStore|iPhone = AppStore|iPhone
		AppStore|iPhoneSimulator = AppStore|iPhoneSimulator
		Debug|Any CPU = Debug|Any CPU
		Debug|iPhone = Debug|iPhone
		Debug|iPhoneSimulator = Debug|iPhoneSimulator
		Release|Any CPU = Release|Any CPU
		Release|iPhone = Release|iPhone
		Release|iPhoneSimulator = Release|iPhoneSimulator
	EndGlobalSection
	GlobalSection(ProjectConfigurationPlatforms) = postSolution
		{D776569E-E332-4C87-BC8C-9D4176CA6A42}.Ad-Hoc|Any CPU.ActiveCfg = Release|Any CPU
		{D776569E-E332-4C87-BC8C-9D4176CA6A42}.Ad-Hoc|Any CPU.Build.0 = Release|Any CPU
		{D776569E-E332-4C87-BC8C-9D4176CA6A42}.Ad-Hoc|Any CPU.Deploy.0 = Release|Any CPU
		{D776569E-E332-4C87-BC8C-9D4176CA6A42}.Ad-Hoc|iPhone.ActiveCfg = Release|Any CPU
		{D776569E-E332-4C87-BC8C-9D4176CA6A42}.Ad-Hoc|iPhone.Build.0 = Release|Any CPU
		{D776569E-E332-4C87-BC8C-9D4176CA6A42}.Ad-Hoc|iPhone.Deploy.0 = Release|Any CPU
		{D776569E-E332-4C87-BC8C-9D4176CA6A42}.Ad-Hoc|iPhoneSimulator.ActiveCfg = Release|Any CPU
		{D776569E-E332-4C87-BC8C-9D4176CA6A42}.Ad-Hoc|iPhoneSimulator.Build.0 = Release|Any CPU
		{D776569E-E332-4C87-BC8C-9D4176CA6A42}.Ad-Hoc|iPhoneSimulator.Deploy.0 = Release|Any CPU
		{D776569E-E332-4C87-BC8C-9D4176CA6A42}.AppStore|Any CPU.ActiveCfg = Release|Any CPU
		{D776569E-E332-4C87-BC8C-9D4176CA6A42}.AppStore|Any CPU.Build.0 = Release|Any CPU
		{D776569E-E332-4C87-BC8C-9D4176CA6A42}.AppStore|Any CPU.Deploy.0 = Release|Any CPU
		{D776569E-E332-4C87-BC8C-9D4176CA6A42}.AppStore|iPhone.ActiveCfg = Release|Any CPU
		{D776569E-E332-4C87-BC8C-9D4176CA6A42}.AppStore|iPhone.Build.0 = Release|Any CPU
		{D776569E-E332-4C87-BC8C-9D4176CA6A42}.AppStore|iPhone.Deploy.0 = Release|Any CPU
		{D776569E-E332-4C87-BC8C-9D4176CA6A42}.AppStore|iPhoneSimulator.ActiveCfg = Release|Any CPU
		{D776569E-E332-4C87-BC8C-9D4176CA6A42}.AppStore|iPhoneSimulator.Build.0 = Release|Any CPU
		{D776569E-E332-4C87-BC8C-9D4176CA6A42}.AppStore|iPhoneSimulator.Deploy.0 = Release|Any CPU
		{D776569E-E332-4C87-BC8C-9D4176CA6A42}.Debug|Any CPU.ActiveCfg = Debug|Any CPU
		{D776569E-E332-4C87-BC8C-9D4176CA6A42}.Debug|Any CPU.Build.0 = Debug|Any CPU
		{D776569E-E332-4C87-BC8C-9D4176CA6A42}.Debug|Any CPU.Deploy.0 = Debug|Any CPU
		{D776569E-E332-4C87-BC8C-9D4176CA6A42}.Debug|iPhone.ActiveCfg = Debug|Any CPU
		{D776569E-E332-4C87-BC8C-9D4176CA6A42}.Debug|iPhone.Build.0 = Debug|Any CPU
		{D776569E-E332-4C87-BC8C-9D4176CA6A42}.Debug|iPhone.Deploy.0 = Debug|Any CPU
		{D776569E-E332-4C87-BC8C-9D4176CA6A42}.Debug|iPhoneSimulator.ActiveCfg = Debug|Any CPU
		{D776569E-E332-4C87-BC8C-9D4176CA6A42}.Debug|iPhoneSimulator.Build.0 = Debug|Any CPU
		{D776569E-E332-4C87-BC8C-9D4176CA6A42}.Debug|iPhoneSimulator.Deploy.0 = Debug|Any CPU
		{D776569E-E332-4C87-BC8C-9D4176CA6A42}.Release|Any CPU.ActiveCfg = Release|Any CPU
		{D776569E-E332-4C87-BC8C-9D4176CA6A42}.Release|Any CPU.Build.0 = Release|Any CPU
		{D776569E-E332-4C87-BC8C-9D4176CA6A42}.Release|Any CPU.Deploy.0 = Release|Any CPU
		{D776569E-E332-4C87-BC8C-9D4176CA6A42}.Release|iPhone.ActiveCfg = Release|Any CPU
		{D776569E-E332-4C87-BC8C-9D4176CA6A42}.Release|iPhone.Build.0 = Release|Any CPU
		{D776569E-E332-4C87-BC8C-9D4176CA6A42}.Release|iPhone.Deploy.0 = Release|Any CPU
		{D776569E-E332-4C87-BC8C-9D4176CA6A42}.Release|iPhoneSimulator.ActiveCfg = Release|Any CPU
		{D776569E-E332-4C87-BC8C-9D4176CA6A42}.Release|iPhoneSimulator.Build.0 = Release|Any CPU
		{D776569E-E332-4C87-BC8C-9D4176CA6A42}.Release|iPhoneSimulator.Deploy.0 = Release|Any CPU
		{2D034A28-C6E4-4D73-AFEA-AA83D6E9B24D}.Ad-Hoc|Any CPU.ActiveCfg = Ad-Hoc|iPhone
		{2D034A28-C6E4-4D73-AFEA-AA83D6E9B24D}.Ad-Hoc|Any CPU.Build.0 = Ad-Hoc|iPhone
		{2D034A28-C6E4-4D73-AFEA-AA83D6E9B24D}.Ad-Hoc|Any CPU.Deploy.0 = Ad-Hoc|iPhone
		{2D034A28-C6E4-4D73-AFEA-AA83D6E9B24D}.Ad-Hoc|iPhone.ActiveCfg = Ad-Hoc|iPhone
		{2D034A28-C6E4-4D73-AFEA-AA83D6E9B24D}.Ad-Hoc|iPhone.Build.0 = Ad-Hoc|iPhone
		{2D034A28-C6E4-4D73-AFEA-AA83D6E9B24D}.Ad-Hoc|iPhone.Deploy.0 = Ad-Hoc|iPhone
		{2D034A28-C6E4-4D73-AFEA-AA83D6E9B24D}.Ad-Hoc|iPhoneSimulator.ActiveCfg = Ad-Hoc|iPhoneSimulator
		{2D034A28-C6E4-4D73-AFEA-AA83D6E9B24D}.Ad-Hoc|iPhoneSimulator.Build.0 = Ad-Hoc|iPhoneSimulator
		{2D034A28-C6E4-4D73-AFEA-AA83D6E9B24D}.Ad-Hoc|iPhoneSimulator.Deploy.0 = Ad-Hoc|iPhoneSimulator
		{2D034A28-C6E4-4D73-AFEA-AA83D6E9B24D}.AppStore|Any CPU.ActiveCfg = AppStore|iPhone
		{2D034A28-C6E4-4D73-AFEA-AA83D6E9B24D}.AppStore|Any CPU.Build.0 = AppStore|iPhone
		{2D034A28-C6E4-4D73-AFEA-AA83D6E9B24D}.AppStore|Any CPU.Deploy.0 = AppStore|iPhone
		{2D034A28-C6E4-4D73-AFEA-AA83D6E9B24D}.AppStore|iPhone.ActiveCfg = AppStore|iPhone
		{2D034A28-C6E4-4D73-AFEA-AA83D6E9B24D}.AppStore|iPhone.Build.0 = AppStore|iPhone
		{2D034A28-C6E4-4D73-AFEA-AA83D6E9B24D}.AppStore|iPhone.Deploy.0 = AppStore|iPhone
		{2D034A28-C6E4-4D73-AFEA-AA83D6E9B24D}.AppStore|iPhoneSimulator.ActiveCfg = AppStore|iPhoneSimulator
		{2D034A28-C6E4-4D73-AFEA-AA83D6E9B24D}.AppStore|iPhoneSimulator.Build.0 = AppStore|iPhoneSimulator
		{2D034A28-C6E4-4D73-AFEA-AA83D6E9B24D}.AppStore|iPhoneSimulator.Deploy.0 = AppStore|iPhoneSimulator
		{2D034A28-C6E4-4D73-AFEA-AA83D6E9B24D}.Debug|Any CPU.ActiveCfg = Debug|iPhoneSimulator
		{2D034A28-C6E4-4D73-AFEA-AA83D6E9B24D}.Debug|Any CPU.Build.0 = Debug|iPhoneSimulator
		{2D034A28-C6E4-4D73-AFEA-AA83D6E9B24D}.Debug|Any CPU.Deploy.0 = Debug|iPhoneSimulator
		{2D034A28-C6E4-4D73-AFEA-AA83D6E9B24D}.Debug|iPhone.ActiveCfg = Debug|iPhone
		{2D034A28-C6E4-4D73-AFEA-AA83D6E9B24D}.Debug|iPhone.Build.0 = Debug|iPhone
		{2D034A28-C6E4-4D73-AFEA-AA83D6E9B24D}.Debug|iPhone.Deploy.0 = Debug|iPhone
		{2D034A28-C6E4-4D73-AFEA-AA83D6E9B24D}.Debug|iPhoneSimulator.ActiveCfg = Debug|iPhoneSimulator
		{2D034A28-C6E4-4D73-AFEA-AA83D6E9B24D}.Debug|iPhoneSimulator.Build.0 = Debug|iPhoneSimulator
		{2D034A28-C6E4-4D73-AFEA-AA83D6E9B24D}.Debug|iPhoneSimulator.Deploy.0 = Debug|iPhoneSimulator
		{2D034A28-C6E4-4D73-AFEA-AA83D6E9B24D}.Release|Any CPU.ActiveCfg = Release|iPhone
		{2D034A28-C6E4-4D73-AFEA-AA83D6E9B24D}.Release|Any CPU.Build.0 = Release|iPhone
		{2D034A28-C6E4-4D73-AFEA-AA83D6E9B24D}.Release|Any CPU.Deploy.0 = Release|iPhone
		{2D034A28-C6E4-4D73-AFEA-AA83D6E9B24D}.Release|iPhone.ActiveCfg = Release|iPhone
		{2D034A28-C6E4-4D73-AFEA-AA83D6E9B24D}.Release|iPhone.Build.0 = Release|iPhone
		{2D034A28-C6E4-4D73-AFEA-AA83D6E9B24D}.Release|iPhone.Deploy.0 = Release|iPhone
		{2D034A28-C6E4-4D73-AFEA-AA83D6E9B24D}.Release|iPhoneSimulator.ActiveCfg = Release|iPhoneSimulator
		{2D034A28-C6E4-4D73-AFEA-AA83D6E9B24D}.Release|iPhoneSimulator.Build.0 = Release|iPhoneSimulator
		{2D034A28-C6E4-4D73-AFEA-AA83D6E9B24D}.Release|iPhoneSimulator.Deploy.0 = Release|iPhoneSimulator
		{8AF2626B-46A3-4373-A892-4C318CB50DA1}.Ad-Hoc|Any CPU.ActiveCfg = Debug|Any CPU
		{8AF2626B-46A3-4373-A892-4C318CB50DA1}.Ad-Hoc|Any CPU.Build.0 = Debug|Any CPU
		{8AF2626B-46A3-4373-A892-4C318CB50DA1}.Ad-Hoc|Any CPU.Deploy.0 = Debug|Any CPU
		{8AF2626B-46A3-4373-A892-4C318CB50DA1}.Ad-Hoc|iPhone.ActiveCfg = Debug|Any CPU
		{8AF2626B-46A3-4373-A892-4C318CB50DA1}.Ad-Hoc|iPhone.Build.0 = Debug|Any CPU
		{8AF2626B-46A3-4373-A892-4C318CB50DA1}.Ad-Hoc|iPhone.Deploy.0 = Debug|Any CPU
		{8AF2626B-46A3-4373-A892-4C318CB50DA1}.Ad-Hoc|iPhoneSimulator.ActiveCfg = Debug|Any CPU
		{8AF2626B-46A3-4373-A892-4C318CB50DA1}.Ad-Hoc|iPhoneSimulator.Build.0 = Debug|Any CPU
		{8AF2626B-46A3-4373-A892-4C318CB50DA1}.Ad-Hoc|iPhoneSimulator.Deploy.0 = Debug|Any CPU
		{8AF2626B-46A3-4373-A892-4C318CB50DA1}.AppStore|Any CPU.ActiveCfg = Debug|Any CPU
		{8AF2626B-46A3-4373-A892-4C318CB50DA1}.AppStore|Any CPU.Build.0 = Debug|Any CPU
		{8AF2626B-46A3-4373-A892-4C318CB50DA1}.AppStore|Any CPU.Deploy.0 = Debug|Any CPU
		{8AF2626B-46A3-4373-A892-4C318CB50DA1}.AppStore|iPhone.ActiveCfg = Debug|Any CPU
		{8AF2626B-46A3-4373-A892-4C318CB50DA1}.AppStore|iPhone.Build.0 = Debug|Any CPU
		{8AF2626B-46A3-4373-A892-4C318CB50DA1}.AppStore|iPhone.Deploy.0 = Debug|Any CPU
		{8AF2626B-46A3-4373-A892-4C318CB50DA1}.AppStore|iPhoneSimulator.ActiveCfg = Debug|Any CPU
		{8AF2626B-46A3-4373-A892-4C318CB50DA1}.AppStore|iPhoneSimulator.Build.0 = Debug|Any CPU
		{8AF2626B-46A3-4373-A892-4C318CB50DA1}.AppStore|iPhoneSimulator.Deploy.0 = Debug|Any CPU
		{8AF2626B-46A3-4373-A892-4C318CB50DA1}.Debug|Any CPU.ActiveCfg = Debug|Any CPU
		{8AF2626B-46A3-4373-A892-4C318CB50DA1}.Debug|Any CPU.Build.0 = Debug|Any CPU
		{8AF2626B-46A3-4373-A892-4C318CB50DA1}.Debug|Any CPU.Deploy.0 = Debug|Any CPU
		{8AF2626B-46A3-4373-A892-4C318CB50DA1}.Debug|iPhone.ActiveCfg = Debug|Any CPU
		{8AF2626B-46A3-4373-A892-4C318CB50DA1}.Debug|iPhone.Build.0 = Debug|Any CPU
		{8AF2626B-46A3-4373-A892-4C318CB50DA1}.Debug|iPhone.Deploy.0 = Debug|Any CPU
		{8AF2626B-46A3-4373-A892-4C318CB50DA1}.Debug|iPhoneSimulator.ActiveCfg = Debug|Any CPU
		{8AF2626B-46A3-4373-A892-4C318CB50DA1}.Debug|iPhoneSimulator.Build.0 = Debug|Any CPU
		{8AF2626B-46A3-4373-A892-4C318CB50DA1}.Debug|iPhoneSimulator.Deploy.0 = Debug|Any CPU
		{8AF2626B-46A3-4373-A892-4C318CB50DA1}.Release|Any CPU.ActiveCfg = Release|Any CPU
		{8AF2626B-46A3-4373-A892-4C318CB50DA1}.Release|Any CPU.Build.0 = Release|Any CPU
		{8AF2626B-46A3-4373-A892-4C318CB50DA1}.Release|Any CPU.Deploy.0 = Release|Any CPU
		{8AF2626B-46A3-4373-A892-4C318CB50DA1}.Release|iPhone.ActiveCfg = Release|Any CPU
		{8AF2626B-46A3-4373-A892-4C318CB50DA1}.Release|iPhone.Build.0 = Release|Any CPU
		{8AF2626B-46A3-4373-A892-4C318CB50DA1}.Release|iPhone.Deploy.0 = Release|Any CPU
		{8AF2626B-46A3-4373-A892-4C318CB50DA1}.Release|iPhoneSimulator.ActiveCfg = Release|Any CPU
		{8AF2626B-46A3-4373-A892-4C318CB50DA1}.Release|iPhoneSimulator.Build.0 = Release|Any CPU
		{8AF2626B-46A3-4373-A892-4C318CB50DA1}.Release|iPhoneSimulator.Deploy.0 = Release|Any CPU
	EndGlobalSection
	GlobalSection(SolutionProperties) = preSolution
		HideSolutionNode = FALSE
	EndGlobalSection
	GlobalSection(ExtensibilityGlobals) = postSolution
		SolutionGuid = {8AE97165-9A0A-46C3-AA74-12E1A9689682}
	EndGlobalSection
EndGlobal
